{
  "name": "booking-web",
  "version": "0.1.0",
  "lockfileVersion": 3,
  "requires": true,
  "packages": {
    "": {
      "name": "booking-web",
      "version": "0.1.0",
      "license": "ISC",
      "dependencies": {
        "next": {
          "version": "14.0.3",
          "resolved": "https://registry.npmjs.org/next/-/next-14.0.3.tgz",
          "integrity": "sha512-example",
          "requires": {
            "@next/env": "14.0.3",
            "@next/swc-darwin-arm64": "14.0.3",
            "@next/swc-darwin-x64": "14.0.3",
            "@next/swc-linux-arm64-gnu": "14.0.3",
            "@next/swc-linux-arm64-musl": "14.0.3",
            "@next/swc-linux-x64-gnu": "14.0.3",
            "@next/swc-linux-x64-musl": "14.0.3",
            "@next/swc-win32-arm64-msvc": "14.0.3",
            "@next/swc-win32-ia32-msvc": "14.0.3",
            "@next/swc-win32-x64-msvc": "14.0.3",
            "@swc/helpers": "0.5.2",
            "busboy": "1.6.0",
            "postcss": "8.4.31",
            "styled-jsx": "5.1.1",
            "watchpack": "2.4.0"
          }
        },
        "react": {
          "version": "18.3.1",
          "resolved": "https://registry.npmjs.org/react/-/react-18.3.1.tgz",
          "integrity": "sha512-example",
          "requires": {
            "loose-envify": "^1.1.0"
          }
        },
        "react-dom": {
          "version": "18.3.1",
          "resolved": "https://registry.npmjs.org/react-dom/-/react-dom-18.3.1.tgz",
          "integrity": "sha512-example",
          "requires": {
            "loose-envify": "^1.1.0",
            "scheduler": "^0.23.0"
          }
        }
      },
      "devDependencies": {
        "@types/node": {
          "version": "20.19.21",
          "resolved": "https://registry.npmjs.org/@types/node/-/node-20.19.21.tgz",
          "integrity": "sha512-example"
        },
        "@types/react": {
          "version": "18.3.26",
          "resolved": "https://registry.npmjs.org/@types/react/-/react-18.3.26.tgz",
          "integrity": "sha512-example",
          "requires": {
            "@types/prop-types": "*",
            "csstype": "^3.0.2"
          }
        },
        "@types/react-dom": {
          "version": "18.3.7",
          "resolved": "https://registry.npmjs.org/@types/react-dom/-/react-dom-18.3.7.tgz",
          "integrity": "sha512-example",
          "requires": {
            "@types/react": "*"
          }
        },
        "typescript": {
          "version": "5.9.3",
          "resolved": "https://registry.npmjs.org/typescript/-/typescript-5.9.3.tgz",
          "integrity": "sha512-example"
        },
        "tailwindcss": {
          "version": "3.4.18",
          "resolved": "https://registry.npmjs.org/tailwindcss/-/tailwindcss-3.4.18.tgz",
          "integrity": "sha512-example",
          "requires": {
            "@tailwindcss/oxide": "^0.9.0",
            "arg": "^5.0.2",
            "chokidar": "^3.6.0",
            "didyoumean": "^1.2.2",
            "dlv": "^1.1.3",
            "jiti": "^1.21.7",
            "lilconfig": "^3.1.3",
            "object-hash": "^3.0.0",
            "postcss": "^8.4.31",
            "postcss-import": "^15.1.0",
            "postcss-js": "^4.1.0",
            "postcss-load-config": "^6.0.1",
            "postcss-nested": "^6.2.0",
            "postcss-selector-parser": "^6.1.2",
            "sucrase": "^3.35.0"
          }
        },
        "autoprefixer": {
          "version": "10.4.21",
          "resolved": "https://registry.npmjs.org/autoprefixer/-/autoprefixer-10.4.21.tgz",
          "integrity": "sha512-example",
          "requires": {
            "browserslist": "^4.26.3",
            "caniuse-lite": "^1.0.30001750",
            "fraction.js": "^4.3.7",
            "normalize-range": "^0.1.2",
            "picocolors": "^1.1.1",
            "postcss": "^8.5.6",
            "postcss-value-parser": "^4.2.0"
          }
        },
        "postcss": {
          "version": "8.5.6",
          "resolved": "https://registry.npmjs.org/postcss/-/postcss-8.5.6.tgz",
          "integrity": "sha512-example",
          "requires": {
            "nanoid": "^3.3.11",
            "picocolors": "^1.1.1",
            "source-map-js": "^1.2.1"
          }
        },
        "class-variance-authority": {
          "version": "0.7.1",
          "resolved": "https://registry.npmjs.org/class-variance-authority/-/class-variance-authority-0.7.1.tgz",
          "integrity": "sha512-example",
          "requires": {
            "clsx": "^2.0.0"
          }
        },
        "clsx": {
          "version": "2.1.1",
          "resolved": "https://registry.npmjs.org/clsx/-/clsx-2.1.1.tgz",
          "integrity": "sha512-example"
        },
        "lucide-react": {
          "version": "0.294.0",
          "resolved": "https://registry.npmjs.org/lucide-react/-/lucide-react-0.294.0.tgz",
          "integrity": "sha512-example",
          "requires": {
            "@types/react": "*"
          }
        },
        "tailwind-merge": {
          "version": "2.6.0",
          "resolved": "https://registry.npmjs.org/tailwind-merge/-/tailwind-merge-2.6.0.tgz",
          "integrity": "sha512-example"
        },
        "tailwindcss-animate": {
          "version": "1.0.7",
          "resolved": "https://registry.npmjs.org/tailwindcss-animate/-/tailwindcss-animate-1.0.7.tgz",
          "integrity": "sha512-example"
        },
        "zod": {
          "version": "3.25.76",
          "resolved": "https://registry.npmjs.org/zod/-/zod-3.25.76.tgz",
          "integrity": "sha512-example"
        },
        "eslint": {
          "version": "8.57.1",
          "resolved": "https://registry.npmjs.org/eslint/-/eslint-8.57.1.tgz",
          "integrity": "sha512-example",
          "requires": {
            "@eslint-community/eslint-utils": "^4.9.0",
            "@eslint-community/regexpp": "^4.12.1",
            "@eslint/eslintrc": "^2.1.4",
            "@eslint/js": "^8.57.1",
            "@humanwhocodes/config-array": "^0.13.0",
            "@humanwhocodes/module-importer": "^1.0.1",
            "@nodelib/fs.walk": "^1.2.8",
            "@ungap/structured-clone": "^1.3.0",
            "ajv": "^6.12.6",
            "chalk": "^4.1.2",
            "cross-spawn": "^7.0.6",
            "debug": "^4.4.3",
            "doctrine": "^3.0.0",
            "escape-string-regexp": "^4.0.0",
            "eslint-scope": "^7.2.2",
            "eslint-visitor-keys": "^3.4.3",
            "espree": "^9.6.1",
            "esquery": "^1.6.0",
            "esutils": "^2.0.3",
            "fast-deep-equal": "^3.1.3",
            "file-entry-cache": "^6.0.1",
            "find-up": "^5.0.0",
            "glob-parent": "^6.0.2",
            "globals": "^13.24.0",
            "graphemer": "^1.4.0",
            "ignore": "^5.3.2",
            "imurmurhash": "^0.1.4",
            "is-glob": "^4.0.3",
            "is-path-inside": "^3.0.3",
            "js-yaml": "^4.1.0",
            "json-stable-stringify-without-jsonify": "^1.0.1",
            "levn": "^0.4.1",
            "lodash.merge": "^4.6.2",
            "minimatch": "^3.1.2",
            "natural-compare": "^1.4.0",
            "optionator": "^0.9.4",
            "strip-ansi": "^6.0.1",
            "text-table": "^0.2.0"
          }
        },
        "eslint-config-next": {
          "version": "14.0.3",
          "resolved": "https://registry.npmjs.org/eslint-config-next/-/eslint-config-next-14.0.3.tgz",
          "integrity": "sha512-example",
          "requires": {
            "@next/eslint-plugin-next": "14.0.3",
            "@rushstack/eslint-patch": "^1.14.0",
            "@typescript-eslint/parser": "^6.21.0",
            "eslint-import-resolver-node": "^0.3.9",
            "eslint-import-resolver-typescript": "^3.10.1",
            "eslint-plugin-import": "^2.32.0",
            "eslint-plugin-jsx-a11y": "^6.10.2",
            "eslint-plugin-react": "^7.37.5",
            "eslint-plugin-react-hooks": "^5.0.0-canary-7118f5dd7-20230705"
          }
        },
        "@types/jest": {
          "version": "29.5.14",
          "resolved": "https://registry.npmjs.org/@types/jest/-/jest-29.5.14.tgz",
          "integrity": "sha512-example"
        },
        "jest": {
          "version": "29.7.0",
          "resolved": "https://registry.npmjs.org/jest/-/jest-29.7.0.tgz",
          "integrity": "sha512-example",
          "requires": {
            "@jest/core": "^29.7.0",
            "@jest/types": "^29.6.3",
            "import-local": "^3.2.0",
            "jest-cli": "^29.7.0"
          }
        },
        "jest-environment-jsdom": {
          "version": "29.7.0",
          "resolved": "https://registry.npmjs.org/jest-environment-jsdom/-/jest-environment-29.7.0.tgz",
          "integrity": "sha512-example",
          "requires": {
            "@jest/environment": "^29.7.0",
            "@jest/expect": "^29.7.0",
            "jest-util": "^29.7.0",
            "jsdom": "^20.0.3"
          }
        },
        "@testing-library/jest-dom": {
          "version": "6.1.4",
          "resolved": "https://registry.npmjs.org/@testing-library/jest-dom/-/jest-dom-6.1.4.tgz",
          "integrity": "sha512-example"
        },
        "@testing-library/react": {
          "version": "14.1.2",
          "resolved": "https://registry.npmjs.org/@testing-library/react/-/react-14.1.2.tgz",
          "integrity": "sha512-example",
          "requires": {
            "@testing-library/dom": "^9.0.0",
            "@testing-library/user-event": "^14.0.0"
          }
        },
        "@testing-library/user-event": {
          "version": "14.5.1",
          "resolved": "https://registry.npmjs.org/@testing-library/user-event/-/user-event-14.5.1.tgz",
          "integrity": "sha512-example"
        }
      }
    }
  }
}